
Microsoft Visual Studio Solution File, Format Version 10.00
# Visual Studio 2008
Project("{2150E333-8FDC-42A3-9474-1A3956D46DE8}") = "Database", "Database", "{8D0A77A7-8475-455A-8CED-5939295C9042}"
	ProjectSection(SolutionItems) = preProject
		Database\DBlog.sql = Database\DBlog.sql
		Database\Upgrade.sql = Database\Upgrade.sql
	EndProjectSection
EndProject
Project("{2150E333-8FDC-42A3-9474-1A3956D46DE8}") = "1.0", "1.0", "{53BD427E-EC87-4EC1-9732-50E907A2B745}"
	ProjectSection(SolutionItems) = preProject
		Database\DBlog-Cleanup-1.0-2.0.sql = Database\DBlog-Cleanup-1.0-2.0.sql
		Database\DBlog-Finalize-1.0-2.0.sql = Database\DBlog-Finalize-1.0-2.0.sql
		Database\DBlog-Migrate-1.0-2.0.sql = Database\DBlog-Migrate-1.0-2.0.sql
	EndProjectSection
EndProject
Project("{2150E333-8FDC-42A3-9474-1A3956D46DE8}") = "Build", "Build", "{9D3D33E1-4277-43A8-9940-D3CA88B1070D}"
	ProjectSection(SolutionItems) = preProject
		build.cmd = build.cmd
		DBlog.proj = DBlog.proj
	EndProjectSection
EndProject
Project("{E24C65DC-7377-472B-9ABA-BC803B73C61A}") = "DBlog", "http://localhost/DBlog", "{8CE895ED-CDC6-41F0-AE93-2ED257DEC9FB}"
	ProjectSection(WebsiteProperties) = preProject
		TargetFramework = "3.5"
		ProjectReferences = "{437F9693-8C20-49BD-A4FD-68A88E9A92C0}|DBlog.Data.Hibernate.dll;{75FB606F-0483-49CA-AF2F-8E57DB9864AB}|DBlog.Tools.dll;{07B2FB5A-1FB0-4955-A218-12229318ECBE}|DBlog.TransitData.dll;{89404491-35C1-4457-9C8C-C02192EFCF36}|DBlog.Data.dll;{499527FF-AE52-450F-B3E3-4AD53E1712AD}|SgmlReaderDll.dll;"
		Debug.AspNetCompiler.VirtualPath = "/DBlog"
		Debug.AspNetCompiler.PhysicalPath = "Web\"
		Debug.AspNetCompiler.TargetPath = "PrecompiledWeb\DBlog\"
		Debug.AspNetCompiler.Updateable = "true"
		Debug.AspNetCompiler.ForceOverwrite = "true"
		Debug.AspNetCompiler.FixedNames = "false"
		Debug.AspNetCompiler.Debug = "True"
		Release.AspNetCompiler.VirtualPath = "/DBlog"
		Release.AspNetCompiler.PhysicalPath = "Web\"
		Release.AspNetCompiler.TargetPath = "PrecompiledWeb\DBlog\"
		Release.AspNetCompiler.Updateable = "true"
		Release.AspNetCompiler.ForceOverwrite = "true"
		Release.AspNetCompiler.FixedNames = "false"
		Release.AspNetCompiler.Debug = "False"
		SlnRelativePath = "Web\"
	EndProjectSection
EndProject
Project("{FAE04EC0-301F-11D3-BF4B-00C04F79EFBC}") = "DBlog.Data", "Data\DBlog.Data.csproj", "{89404491-35C1-4457-9C8C-C02192EFCF36}"
EndProject
Project("{FAE04EC0-301F-11D3-BF4B-00C04F79EFBC}") = "DBlog.Data.Hibernate", "Data.Hibernate\DBlog.Data.Hibernate.csproj", "{437F9693-8C20-49BD-A4FD-68A88E9A92C0}"
EndProject
Project("{FAE04EC0-301F-11D3-BF4B-00C04F79EFBC}") = "DBlog.Tools", "Tools\DBlog.Tools.csproj", "{75FB606F-0483-49CA-AF2F-8E57DB9864AB}"
EndProject
Project("{FAE04EC0-301F-11D3-BF4B-00C04F79EFBC}") = "SgmlReaderDll8", "SgmlReader\sgmlreaderdll\SgmlReaderDll8.csproj", "{499527FF-AE52-450F-B3E3-4AD53E1712AD}"
EndProject
Project("{FAE04EC0-301F-11D3-BF4B-00C04F79EFBC}") = "DBlog.Data.UnitTests", "Data.UnitTests\DBlog.Data.UnitTests.csproj", "{2426AC0A-A493-4CC8-A323-C7E775DEC8E4}"
EndProject
Project("{FAE04EC0-301F-11D3-BF4B-00C04F79EFBC}") = "DBlog.TransitData", "TransitData\DBlog.TransitData.csproj", "{07B2FB5A-1FB0-4955-A218-12229318ECBE}"
EndProject
Project("{FAE04EC0-301F-11D3-BF4B-00C04F79EFBC}") = "DBlog.Web.UnitTests", "Web.UnitTests\DBlog.Web.UnitTests.csproj", "{EA8183AF-FB41-4F28-9B07-5AB96A37A277}"
EndProject
Project("{2CFEAB61-6A3B-4EB8-B523-560B4BEEF521}") = "DBlog.Web.Deploy", "Web.Deploy\DBlog.Web.Deploy.wdproj", "{6DACA3AC-FE40-4DAF-8722-D991A351EF24}"
EndProject
Project("{FAE04EC0-301F-11D3-BF4B-00C04F79EFBC}") = "DBlog.Data.Script", "Data.Script\DBlog.Data.Script.csproj", "{AF50F70B-06AD-41D1-BA82-8C6339C4A271}"
EndProject
Project("{FAE04EC0-301F-11D3-BF4B-00C04F79EFBC}") = "DBlog.Data.Mapping", "Data.Mapping\DBlog.Data.Mapping.csproj", "{06BC80C4-5F6E-4352-8307-CFA4C1252755}"
EndProject
Project("{FAE04EC0-301F-11D3-BF4B-00C04F79EFBC}") = "DBlog.Data.Hibernate.UnitTests", "Data.Hibernate.UnitTests\DBlog.Data.Hibernate.UnitTests.csproj", "{E1E269BD-9B3A-4974-B9A5-72893ED6C78F}"
EndProject
Global
	GlobalSection(SolutionConfigurationPlatforms) = preSolution
		Debug|.NET = Debug|.NET
		Debug|Any CPU = Debug|Any CPU
		Debug|Mixed Platforms = Debug|Mixed Platforms
		Release|.NET = Release|.NET
		Release|Any CPU = Release|Any CPU
		Release|Mixed Platforms = Release|Mixed Platforms
	EndGlobalSection
	GlobalSection(ProjectConfigurationPlatforms) = postSolution
		{8CE895ED-CDC6-41F0-AE93-2ED257DEC9FB}.Debug|.NET.ActiveCfg = Debug|.NET
		{8CE895ED-CDC6-41F0-AE93-2ED257DEC9FB}.Debug|.NET.Build.0 = Debug|.NET
		{8CE895ED-CDC6-41F0-AE93-2ED257DEC9FB}.Debug|Any CPU.ActiveCfg = Debug|.NET
		{8CE895ED-CDC6-41F0-AE93-2ED257DEC9FB}.Debug|Mixed Platforms.ActiveCfg = Debug|.NET
		{8CE895ED-CDC6-41F0-AE93-2ED257DEC9FB}.Debug|Mixed Platforms.Build.0 = Debug|.NET
		{8CE895ED-CDC6-41F0-AE93-2ED257DEC9FB}.Release|.NET.ActiveCfg = Debug|.NET
		{8CE895ED-CDC6-41F0-AE93-2ED257DEC9FB}.Release|.NET.Build.0 = Debug|.NET
		{8CE895ED-CDC6-41F0-AE93-2ED257DEC9FB}.Release|Any CPU.ActiveCfg = Debug|.NET
		{8CE895ED-CDC6-41F0-AE93-2ED257DEC9FB}.Release|Mixed Platforms.ActiveCfg = Debug|.NET
		{8CE895ED-CDC6-41F0-AE93-2ED257DEC9FB}.Release|Mixed Platforms.Build.0 = Debug|.NET
		{89404491-35C1-4457-9C8C-C02192EFCF36}.Debug|.NET.ActiveCfg = Debug|Any CPU
		{89404491-35C1-4457-9C8C-C02192EFCF36}.Debug|Any CPU.ActiveCfg = Debug|Any CPU
		{89404491-35C1-4457-9C8C-C02192EFCF36}.Debug|Any CPU.Build.0 = Debug|Any CPU
		{89404491-35C1-4457-9C8C-C02192EFCF36}.Debug|Mixed Platforms.ActiveCfg = Debug|Any CPU
		{89404491-35C1-4457-9C8C-C02192EFCF36}.Debug|Mixed Platforms.Build.0 = Debug|Any CPU
		{89404491-35C1-4457-9C8C-C02192EFCF36}.Release|.NET.ActiveCfg = Release|Any CPU
		{89404491-35C1-4457-9C8C-C02192EFCF36}.Release|Any CPU.ActiveCfg = Release|Any CPU
		{89404491-35C1-4457-9C8C-C02192EFCF36}.Release|Any CPU.Build.0 = Release|Any CPU
		{89404491-35C1-4457-9C8C-C02192EFCF36}.Release|Mixed Platforms.ActiveCfg = Release|Any CPU
		{89404491-35C1-4457-9C8C-C02192EFCF36}.Release|Mixed Platforms.Build.0 = Release|Any CPU
		{437F9693-8C20-49BD-A4FD-68A88E9A92C0}.Debug|.NET.ActiveCfg = Debug|Any CPU
		{437F9693-8C20-49BD-A4FD-68A88E9A92C0}.Debug|Any CPU.ActiveCfg = Debug|Any CPU
		{437F9693-8C20-49BD-A4FD-68A88E9A92C0}.Debug|Any CPU.Build.0 = Debug|Any CPU
		{437F9693-8C20-49BD-A4FD-68A88E9A92C0}.Debug|Mixed Platforms.ActiveCfg = Debug|Any CPU
		{437F9693-8C20-49BD-A4FD-68A88E9A92C0}.Debug|Mixed Platforms.Build.0 = Debug|Any CPU
		{437F9693-8C20-49BD-A4FD-68A88E9A92C0}.Release|.NET.ActiveCfg = Release|Any CPU
		{437F9693-8C20-49BD-A4FD-68A88E9A92C0}.Release|Any CPU.ActiveCfg = Release|Any CPU
		{437F9693-8C20-49BD-A4FD-68A88E9A92C0}.Release|Any CPU.Build.0 = Release|Any CPU
		{437F9693-8C20-49BD-A4FD-68A88E9A92C0}.Release|Mixed Platforms.ActiveCfg = Release|Any CPU
		{437F9693-8C20-49BD-A4FD-68A88E9A92C0}.Release|Mixed Platforms.Build.0 = Release|Any CPU
		{75FB606F-0483-49CA-AF2F-8E57DB9864AB}.Debug|.NET.ActiveCfg = Debug|Any CPU
		{75FB606F-0483-49CA-AF2F-8E57DB9864AB}.Debug|Any CPU.ActiveCfg = Debug|Any CPU
		{75FB606F-0483-49CA-AF2F-8E57DB9864AB}.Debug|Any CPU.Build.0 = Debug|Any CPU
		{75FB606F-0483-49CA-AF2F-8E57DB9864AB}.Debug|Mixed Platforms.ActiveCfg = Debug|Any CPU
		{75FB606F-0483-49CA-AF2F-8E57DB9864AB}.Debug|Mixed Platforms.Build.0 = Debug|Any CPU
		{75FB606F-0483-49CA-AF2F-8E57DB9864AB}.Release|.NET.ActiveCfg = Release|Any CPU
		{75FB606F-0483-49CA-AF2F-8E57DB9864AB}.Release|Any CPU.ActiveCfg = Release|Any CPU
		{75FB606F-0483-49CA-AF2F-8E57DB9864AB}.Release|Any CPU.Build.0 = Release|Any CPU
		{75FB606F-0483-49CA-AF2F-8E57DB9864AB}.Release|Mixed Platforms.ActiveCfg = Release|Any CPU
		{75FB606F-0483-49CA-AF2F-8E57DB9864AB}.Release|Mixed Platforms.Build.0 = Release|Any CPU
		{499527FF-AE52-450F-B3E3-4AD53E1712AD}.Debug|.NET.ActiveCfg = Debug|Any CPU
		{499527FF-AE52-450F-B3E3-4AD53E1712AD}.Debug|Any CPU.ActiveCfg = Debug|Any CPU
		{499527FF-AE52-450F-B3E3-4AD53E1712AD}.Debug|Any CPU.Build.0 = Debug|Any CPU
		{499527FF-AE52-450F-B3E3-4AD53E1712AD}.Debug|Mixed Platforms.ActiveCfg = Debug|Any CPU
		{499527FF-AE52-450F-B3E3-4AD53E1712AD}.Debug|Mixed Platforms.Build.0 = Debug|Any CPU
		{499527FF-AE52-450F-B3E3-4AD53E1712AD}.Release|.NET.ActiveCfg = Release|Any CPU
		{499527FF-AE52-450F-B3E3-4AD53E1712AD}.Release|Any CPU.ActiveCfg = Release|Any CPU
		{499527FF-AE52-450F-B3E3-4AD53E1712AD}.Release|Any CPU.Build.0 = Release|Any CPU
		{499527FF-AE52-450F-B3E3-4AD53E1712AD}.Release|Mixed Platforms.ActiveCfg = Release|Any CPU
		{499527FF-AE52-450F-B3E3-4AD53E1712AD}.Release|Mixed Platforms.Build.0 = Release|Any CPU
		{2426AC0A-A493-4CC8-A323-C7E775DEC8E4}.Debug|.NET.ActiveCfg = Debug|Any CPU
		{2426AC0A-A493-4CC8-A323-C7E775DEC8E4}.Debug|Any CPU.ActiveCfg = Debug|Any CPU
		{2426AC0A-A493-4CC8-A323-C7E775DEC8E4}.Debug|Any CPU.Build.0 = Debug|Any CPU
		{2426AC0A-A493-4CC8-A323-C7E775DEC8E4}.Debug|Mixed Platforms.ActiveCfg = Debug|Any CPU
		{2426AC0A-A493-4CC8-A323-C7E775DEC8E4}.Debug|Mixed Platforms.Build.0 = Debug|Any CPU
		{2426AC0A-A493-4CC8-A323-C7E775DEC8E4}.Release|.NET.ActiveCfg = Release|Any CPU
		{2426AC0A-A493-4CC8-A323-C7E775DEC8E4}.Release|Any CPU.ActiveCfg = Release|Any CPU
		{2426AC0A-A493-4CC8-A323-C7E775DEC8E4}.Release|Any CPU.Build.0 = Release|Any CPU
		{2426AC0A-A493-4CC8-A323-C7E775DEC8E4}.Release|Mixed Platforms.ActiveCfg = Release|Any CPU
		{2426AC0A-A493-4CC8-A323-C7E775DEC8E4}.Release|Mixed Platforms.Build.0 = Release|Any CPU
		{07B2FB5A-1FB0-4955-A218-12229318ECBE}.Debug|.NET.ActiveCfg = Debug|Any CPU
		{07B2FB5A-1FB0-4955-A218-12229318ECBE}.Debug|Any CPU.ActiveCfg = Debug|Any CPU
		{07B2FB5A-1FB0-4955-A218-12229318ECBE}.Debug|Any CPU.Build.0 = Debug|Any CPU
		{07B2FB5A-1FB0-4955-A218-12229318ECBE}.Debug|Mixed Platforms.ActiveCfg = Debug|Any CPU
		{07B2FB5A-1FB0-4955-A218-12229318ECBE}.Debug|Mixed Platforms.Build.0 = Debug|Any CPU
		{07B2FB5A-1FB0-4955-A218-12229318ECBE}.Release|.NET.ActiveCfg = Release|Any CPU
		{07B2FB5A-1FB0-4955-A218-12229318ECBE}.Release|Any CPU.ActiveCfg = Release|Any CPU
		{07B2FB5A-1FB0-4955-A218-12229318ECBE}.Release|Any CPU.Build.0 = Release|Any CPU
		{07B2FB5A-1FB0-4955-A218-12229318ECBE}.Release|Mixed Platforms.ActiveCfg = Release|Any CPU
		{07B2FB5A-1FB0-4955-A218-12229318ECBE}.Release|Mixed Platforms.Build.0 = Release|Any CPU
		{EA8183AF-FB41-4F28-9B07-5AB96A37A277}.Debug|.NET.ActiveCfg = Debug|Any CPU
		{EA8183AF-FB41-4F28-9B07-5AB96A37A277}.Debug|Any CPU.ActiveCfg = Debug|Any CPU
		{EA8183AF-FB41-4F28-9B07-5AB96A37A277}.Debug|Any CPU.Build.0 = Debug|Any CPU
		{EA8183AF-FB41-4F28-9B07-5AB96A37A277}.Debug|Mixed Platforms.ActiveCfg = Debug|Any CPU
		{EA8183AF-FB41-4F28-9B07-5AB96A37A277}.Debug|Mixed Platforms.Build.0 = Debug|Any CPU
		{EA8183AF-FB41-4F28-9B07-5AB96A37A277}.Release|.NET.ActiveCfg = Release|Any CPU
		{EA8183AF-FB41-4F28-9B07-5AB96A37A277}.Release|Any CPU.ActiveCfg = Release|Any CPU
		{EA8183AF-FB41-4F28-9B07-5AB96A37A277}.Release|Any CPU.Build.0 = Release|Any CPU
		{EA8183AF-FB41-4F28-9B07-5AB96A37A277}.Release|Mixed Platforms.ActiveCfg = Release|Any CPU
		{EA8183AF-FB41-4F28-9B07-5AB96A37A277}.Release|Mixed Platforms.Build.0 = Release|Any CPU
		{6DACA3AC-FE40-4DAF-8722-D991A351EF24}.Debug|.NET.ActiveCfg = Debug|Any CPU
		{6DACA3AC-FE40-4DAF-8722-D991A351EF24}.Debug|Any CPU.ActiveCfg = Debug|Any CPU
		{6DACA3AC-FE40-4DAF-8722-D991A351EF24}.Debug|Any CPU.Build.0 = Debug|Any CPU
		{6DACA3AC-FE40-4DAF-8722-D991A351EF24}.Debug|Mixed Platforms.ActiveCfg = Debug|Any CPU
		{6DACA3AC-FE40-4DAF-8722-D991A351EF24}.Debug|Mixed Platforms.Build.0 = Debug|Any CPU
		{6DACA3AC-FE40-4DAF-8722-D991A351EF24}.Release|.NET.ActiveCfg = Release|Any CPU
		{6DACA3AC-FE40-4DAF-8722-D991A351EF24}.Release|Any CPU.ActiveCfg = Release|Any CPU
		{6DACA3AC-FE40-4DAF-8722-D991A351EF24}.Release|Any CPU.Build.0 = Release|Any CPU
		{6DACA3AC-FE40-4DAF-8722-D991A351EF24}.Release|Mixed Platforms.ActiveCfg = Release|Any CPU
		{6DACA3AC-FE40-4DAF-8722-D991A351EF24}.Release|Mixed Platforms.Build.0 = Release|Any CPU
		{AF50F70B-06AD-41D1-BA82-8C6339C4A271}.Debug|.NET.ActiveCfg = Debug|Any CPU
		{AF50F70B-06AD-41D1-BA82-8C6339C4A271}.Debug|Any CPU.ActiveCfg = Debug|Any CPU
		{AF50F70B-06AD-41D1-BA82-8C6339C4A271}.Debug|Any CPU.Build.0 = Debug|Any CPU
		{AF50F70B-06AD-41D1-BA82-8C6339C4A271}.Debug|Mixed Platforms.ActiveCfg = Debug|Any CPU
		{AF50F70B-06AD-41D1-BA82-8C6339C4A271}.Debug|Mixed Platforms.Build.0 = Debug|Any CPU
		{AF50F70B-06AD-41D1-BA82-8C6339C4A271}.Release|.NET.ActiveCfg = Release|Any CPU
		{AF50F70B-06AD-41D1-BA82-8C6339C4A271}.Release|Any CPU.ActiveCfg = Release|Any CPU
		{AF50F70B-06AD-41D1-BA82-8C6339C4A271}.Release|Any CPU.Build.0 = Release|Any CPU
		{AF50F70B-06AD-41D1-BA82-8C6339C4A271}.Release|Mixed Platforms.ActiveCfg = Release|Any CPU
		{AF50F70B-06AD-41D1-BA82-8C6339C4A271}.Release|Mixed Platforms.Build.0 = Release|Any CPU
		{06BC80C4-5F6E-4352-8307-CFA4C1252755}.Debug|.NET.ActiveCfg = Debug|Any CPU
		{06BC80C4-5F6E-4352-8307-CFA4C1252755}.Debug|Any CPU.ActiveCfg = Debug|Any CPU
		{06BC80C4-5F6E-4352-8307-CFA4C1252755}.Debug|Any CPU.Build.0 = Debug|Any CPU
		{06BC80C4-5F6E-4352-8307-CFA4C1252755}.Debug|Mixed Platforms.ActiveCfg = Debug|Any CPU
		{06BC80C4-5F6E-4352-8307-CFA4C1252755}.Debug|Mixed Platforms.Build.0 = Debug|Any CPU
		{06BC80C4-5F6E-4352-8307-CFA4C1252755}.Release|.NET.ActiveCfg = Release|Any CPU
		{06BC80C4-5F6E-4352-8307-CFA4C1252755}.Release|Any CPU.ActiveCfg = Release|Any CPU
		{06BC80C4-5F6E-4352-8307-CFA4C1252755}.Release|Any CPU.Build.0 = Release|Any CPU
		{06BC80C4-5F6E-4352-8307-CFA4C1252755}.Release|Mixed Platforms.ActiveCfg = Release|Any CPU
		{06BC80C4-5F6E-4352-8307-CFA4C1252755}.Release|Mixed Platforms.Build.0 = Release|Any CPU
		{E1E269BD-9B3A-4974-B9A5-72893ED6C78F}.Debug|.NET.ActiveCfg = Debug|Any CPU
		{E1E269BD-9B3A-4974-B9A5-72893ED6C78F}.Debug|Any CPU.ActiveCfg = Debug|Any CPU
		{E1E269BD-9B3A-4974-B9A5-72893ED6C78F}.Debug|Any CPU.Build.0 = Debug|Any CPU
		{E1E269BD-9B3A-4974-B9A5-72893ED6C78F}.Debug|Mixed Platforms.ActiveCfg = Debug|Any CPU
		{E1E269BD-9B3A-4974-B9A5-72893ED6C78F}.Debug|Mixed Platforms.Build.0 = Debug|Any CPU
		{E1E269BD-9B3A-4974-B9A5-72893ED6C78F}.Release|.NET.ActiveCfg = Release|Any CPU
		{E1E269BD-9B3A-4974-B9A5-72893ED6C78F}.Release|Any CPU.ActiveCfg = Release|Any CPU
		{E1E269BD-9B3A-4974-B9A5-72893ED6C78F}.Release|Any CPU.Build.0 = Release|Any CPU
		{E1E269BD-9B3A-4974-B9A5-72893ED6C78F}.Release|Mixed Platforms.ActiveCfg = Release|Any CPU
		{E1E269BD-9B3A-4974-B9A5-72893ED6C78F}.Release|Mixed Platforms.Build.0 = Release|Any CPU
	EndGlobalSection
	GlobalSection(SolutionProperties) = preSolution
		HideSolutionNode = FALSE
	EndGlobalSection
	GlobalSection(NestedProjects) = preSolution
		{53BD427E-EC87-4EC1-9732-50E907A2B745} = {8D0A77A7-8475-455A-8CED-5939295C9042}
	EndGlobalSection
EndGlobal
